<?xml version="1.0" encoding="utf-8"?>
<Project ToolsVersion="4.0" xmlns="http://schemas.microsoft.com/developer/msbuild/2003">
  <ItemGroup>
    <Filter Include="Source Files">
      <UniqueIdentifier>{4FC737F1-C7A5-4376-A066-2A32D752A2FF}</UniqueIdentifier>
      <Extensions>cpp;c;cc;cxx;c++;cppm;ixx;def;odl;idl;hpj;bat;asm;asmx</Extensions>
    </Filter>
    <Filter Include="Header Files">
      <UniqueIdentifier>{93995380-89BD-4b04-88EB-625FBE52EBFB}</UniqueIdentifier>
      <Extensions>h;hh;hpp;hxx;h++;hm;inl;inc;ipp;xsd</Extensions>
    </Filter>
    <Filter Include="Resource Files">
      <UniqueIdentifier>{67DA6AB6-F800-4c08-8B7A-83BB121AAD01}</UniqueIdentifier>
      <Extensions>rc;ico;cur;bmp;dlg;rc2;rct;bin;rgs;gif;jpg;jpeg;jpe;resx;tiff;tif;png;wav;mfcribbon-ms</Extensions>
    </Filter>
    <Filter Include="src">
      <UniqueIdentifier>{A1B2C3D4-E5F6-4A5B-9C8D-1E2F3A4B5C6D}</UniqueIdentifier>
    </Filter>
    <Filter Include="src\utilities">
      <UniqueIdentifier>{B2C3D4E5-F6A7-4B5C-8D9E-0F1A2B3C4D5E}</UniqueIdentifier>
    </Filter>
    <Filter Include="src\system">
      <UniqueIdentifier>{C3D4E5F6-A7B8-4C5D-9E0F-1A2B3C4D5E6F}</UniqueIdentifier>
    </Filter>
    <Filter Include="src\camera">
      <UniqueIdentifier>{D4E5F6A7-B8C9-4D5E-9F01-2B3C4D5E6F7A}</UniqueIdentifier>
    </Filter>
    <Filter Include="src\config">
      <UniqueIdentifier>{E5F6A7B8-C9D0-4E5F-8A01-2B3C4D5E6F7B}</UniqueIdentifier>
    </Filter>
    <Filter Include="src\application">
      <UniqueIdentifier>{F6A7B8C9-D0E1-4F5A-9B01-2C3D4E5F6A7B}</UniqueIdentifier>
    </Filter>
    <Filter Include="src\events">
      <UniqueIdentifier>{A7B8C9D0-E1F2-4A3B-8C01-3D4E5F6A7B8C}</UniqueIdentifier>
    </Filter>
    <Filter Include="src\ui">
      <UniqueIdentifier>{B8C9D0E1-F2A3-4B5C-9C01-3D4E5F6A7B8D}</UniqueIdentifier>
    </Filter>
  </ItemGroup>
  <ItemGroup>
    <ClInclude Include="MyForm.h">
      <Filter>Header Files</Filter>
    </ClInclude>
    <ClInclude Include="resource.h">
      <Filter>Header Files</Filter>
    </ClInclude>
    <ClInclude Include="resource1.h">
      <Filter>Header Files</Filter>
    </ClInclude>
    <ClInclude Include="src\utilities\Logging.h">
      <Filter>src\utilities</Filter>
    </ClInclude>
    <ClInclude Include="src\utilities\StringHelpers.h">
      <Filter>src\utilities</Filter>
    </ClInclude>
    <ClInclude Include="src\system\PrivilegeInfo.h">
      <Filter>src\system</Filter>
    </ClInclude>
    <ClInclude Include="src\camera\CameraDevice.h">
      <Filter>src\camera</Filter>
    </ClInclude>
    <ClInclude Include="src\camera\CameraHardware.h">
      <Filter>src\camera</Filter>
    </ClInclude>
    <ClInclude Include="src\camera\CameraRecovery.h">
      <Filter>src\camera</Filter>
    </ClInclude>
    <ClInclude Include="src\camera\DeviceError.h">
      <Filter>src\camera</Filter>
    </ClInclude>
    <ClInclude Include="src\config\ConfigPaths.h">
      <Filter>src\config</Filter>
    </ClInclude>
    <ClInclude Include="src\config\ConfigStore.h">
      <Filter>src\config</Filter>
    </ClInclude>
    <ClInclude Include="src\application\CommandLine.h">
      <Filter>src\application</Filter>
    </ClInclude>
    <ClInclude Include="src\application\IUiSink.h">
      <Filter>src\application</Filter>
    </ClInclude>
    <ClInclude Include="src\application\ApplicationController.h">
      <Filter>src\application</Filter>
    </ClInclude>
    <ClInclude Include="src\events\SystemEvent.h">
      <Filter>src\events</Filter>
    </ClInclude>
    <ClInclude Include="src\events\WinEventDecoder.h">
      <Filter>src\events</Filter>
    </ClInclude>
    <ClInclude Include="src\events\EventCooldown.h">
      <Filter>src\events</Filter>
    </ClInclude>
    <ClInclude Include="src\events\NotificationRegistrar.h">
      <Filter>src\events</Filter>
    </ClInclude>
    <ClInclude Include="src\system\SingleInstance.h">
      <Filter>src\system</Filter>
    </ClInclude>
    <ClInclude Include="src\system\ProcessUtils.h">
      <Filter>src\system</Filter>
    </ClInclude>
    <ClInclude Include="src\ui\MyForm.h">
      <Filter>src\ui</Filter>
    </ClInclude>
    <ClInclude Include="src\ui\UiConstants.h">
      <Filter>src\ui</Filter>
    </ClInclude>
  </ItemGroup>
  <ItemGroup>
    <ResourceCompile Include="Windows_Hello_Fix_v2_0_resources.rc">
      <Filter>Resource Files</Filter>
    </ResourceCompile>
  </ItemGroup>
  <ItemGroup>
    <Image Include="x64\Release\WindowsHelloFix.ico">
      <Filter>Resource Files</Filter>
    </Image>
  </ItemGroup>
  <ItemGroup>
    <ClCompile Include="main.cpp">
      <Filter>Source Files</Filter>
    </ClCompile>
    <ClCompile Include="src\utilities\Logging.cpp">
      <Filter>src\utilities</Filter>
    </ClCompile>
    <ClCompile Include="src\system\PrivilegeInfo.cpp">
      <Filter>src\system</Filter>
    </ClCompile>
    <ClCompile Include="src\camera\CameraDevice.cpp">
      <Filter>src\camera</Filter>
    </ClCompile>
    <ClCompile Include="src\camera\CameraHardware.cpp">
      <Filter>src\camera</Filter>
    </ClCompile>
    <ClCompile Include="src\camera\CameraRecovery.cpp">
      <Filter>src\camera</Filter>
    </ClCompile>
    <ClCompile Include="src\config\ConfigPaths.cpp">
      <Filter>src\config</Filter>
    </ClCompile>
    <ClCompile Include="src\config\ConfigStore.cpp">
      <Filter>src\config</Filter>
    </ClCompile>
    <ClCompile Include="src\application\CommandLine.cpp">
      <Filter>src\application</Filter>
    </ClCompile>
    <ClCompile Include="src\application\ApplicationController.cpp">
      <Filter>src\application</Filter>
    </ClCompile>
    <ClCompile Include="src\events\WinEventDecoder.cpp">
      <Filter>src\events</Filter>
    </ClCompile>
    <ClCompile Include="src\events\EventCooldown.cpp">
      <Filter>src\events</Filter>
    </ClCompile>
    <ClCompile Include="src\events\NotificationRegistrar.cpp">
      <Filter>src\events</Filter>
    </ClCompile>
    <ClCompile Include="src\system\SingleInstance.cpp">
      <Filter>src\system</Filter>
    </ClCompile>
    <ClCompile Include="src\system\ProcessUtils.cpp">
      <Filter>src\system</Filter>
    </ClCompile>
    <ClCompile Include="src\ui\MyForm.cpp">
      <Filter>src\ui</Filter>
    </ClCompile>
  </ItemGroup>
  <ItemGroup>
    <Text Include="WndProc_Redesign.txt" />
  </ItemGroup>
  <ItemGroup>
    <Manifest Include="app.manifest" />
  </ItemGroup>
</Project>